
Microsoft Visual Studio Solution File, Format Version 12.00
# Visual Studio Version 16
VisualStudioVersion = 16.0.31410.357
MinimumVisualStudioVersion = 10.0.40219.1
Project("{FAE04EC0-301F-11D3-BF4B-00C04F79EFBC}") = "MethodOverloadExe1", "MethodOverloadExe1\MethodOverloadExe1.csproj", "{0D030A4F-8F32-45E8-BFA5-50B30E93B90D}"
EndProject
Global
	GlobalSection(SolutionConfigurationPlatforms) = preSolution
		Debug|Any CPU = Debug|Any CPU
		Release|Any CPU = Release|Any CPU
	EndGlobalSection
	GlobalSection(ProjectConfigurationPlatforms) = postSolution
		{0D030A4F-8F32-45E8-BFA5-50B30E93B90D}.Debug|Any CPU.ActiveCfg = Debug|Any CPU
		{0D030A4F-8F32-45E8-BFA5-50B30E93B90D}.Debug|Any CPU.Build.0 = Debug|Any CPU
		{0D030A4F-8F32-45E8-BFA5-50B30E93B90D}.Release|Any CPU.ActiveCfg = Release|Any CPU
		{0D030A4F-8F32-45E8-BFA5-50B30E93B90D}.Release|Any CPU.Build.0 = Release|Any CPU
	EndGlobalSection
	GlobalSection(SolutionProperties) = preSolution
		HideSolutionNode = FALSE
	EndGlobalSection
	GlobalSection(ExtensibilityGlobals) = postSolution
		SolutionGuid = {F04EABA8-4C59-4332-B3EF-8815BC86E8CB}
	EndGlobalSection
EndGlobal
